
Microsoft Visual Studio Solution File, Format Version 12.00
# Visual Studio Version 17
VisualStudioVersion = 17.8.34511.84
MinimumVisualStudioVersion = 10.0.40219.1
Project("{2150E333-8FDC-42A3-9474-1A3956D46DE8}") = "src", "src", "{9E1A2B05-0754-42EF-8951-6D668CDDDD0D}"
EndProject
Project("{9A19103F-16F7-4668-BE54-9A1E7A4F7556}") = "leilaoRocketseatAPI", "src\leilaoRocketseatAPI\leilaoRocketseatAPI.csproj", "{9F300953-85FB-47A7-A192-7A12B4395412}"
EndProject
Project("{2150E333-8FDC-42A3-9474-1A3956D46DE8}") = "Tests", "Tests", "{865494F4-5BF2-4B2E-AF68-F16CBFAE67AE}"
EndProject
Project("{FAE04EC0-301F-11D3-BF4B-00C04F79EFBC}") = "UseCases.Test", "Tests\UseCases.Test\UseCases.Test.csproj", "{670198DD-9599-4C6B-90EE-FEDC6E9C8013}"
EndProject
Global
	GlobalSection(SolutionConfigurationPlatforms) = preSolution
		Debug|Any CPU = Debug|Any CPU
		Release|Any CPU = Release|Any CPU
	EndGlobalSection
	GlobalSection(ProjectConfigurationPlatforms) = postSolution
		{9F300953-85FB-47A7-A192-7A12B4395412}.Debug|Any CPU.ActiveCfg = Debug|Any CPU
		{9F300953-85FB-47A7-A192-7A12B4395412}.Debug|Any CPU.Build.0 = Debug|Any CPU
		{9F300953-85FB-47A7-A192-7A12B4395412}.Release|Any CPU.ActiveCfg = Release|Any CPU
		{9F300953-85FB-47A7-A192-7A12B4395412}.Release|Any CPU.Build.0 = Release|Any CPU
		{670198DD-9599-4C6B-90EE-FEDC6E9C8013}.Debug|Any CPU.ActiveCfg = Debug|Any CPU
		{670198DD-9599-4C6B-90EE-FEDC6E9C8013}.Debug|Any CPU.Build.0 = Debug|Any CPU
		{670198DD-9599-4C6B-90EE-FEDC6E9C8013}.Release|Any CPU.ActiveCfg = Release|Any CPU
		{670198DD-9599-4C6B-90EE-FEDC6E9C8013}.Release|Any CPU.Build.0 = Release|Any CPU
	EndGlobalSection
	GlobalSection(SolutionProperties) = preSolution
		HideSolutionNode = FALSE
	EndGlobalSection
	GlobalSection(NestedProjects) = preSolution
		{9F300953-85FB-47A7-A192-7A12B4395412} = {9E1A2B05-0754-42EF-8951-6D668CDDDD0D}
		{670198DD-9599-4C6B-90EE-FEDC6E9C8013} = {865494F4-5BF2-4B2E-AF68-F16CBFAE67AE}
	EndGlobalSection
	GlobalSection(ExtensibilityGlobals) = postSolution
		SolutionGuid = {70DE0298-7934-451E-98FF-16B5D491F6EB}
	EndGlobalSection
EndGlobal
